
Microsoft Visual Studio Solution File, Format Version 12.00
# Visual Studio 15
VisualStudioVersion = 15.0.28307.271
MinimumVisualStudioVersion = 10.0.40219.1
Project("{FAE04EC0-301F-11D3-BF4B-00C04F79EFBC}") = "WpfPresentationLayer", "EZDealer\WpfPresentationLayer.csproj", "{C9C37C45-7A45-4F51-BA8F-D40E2E832BAE}"
EndProject
Project("{FAE04EC0-301F-11D3-BF4B-00C04F79EFBC}") = "DataAccessLayer", "DataAccessLayer\DataAccessLayer.csproj", "{2F7AAECC-9067-45C3-990F-4E9F5AF0CE10}"
EndProject
Project("{FAE04EC0-301F-11D3-BF4B-00C04F79EFBC}") = "LogicLayer", "LogicLayer\LogicLayer.csproj", "{A458CAD3-EC3F-4C2D-B1F9-55AD063AD550}"
EndProject
Project("{FAE04EC0-301F-11D3-BF4B-00C04F79EFBC}") = "DataObjects", "DataObjects\DataObjects.csproj", "{FF06CEB8-2341-4523-A000-B367E199DBC7}"
EndProject
Project("{FAE04EC0-301F-11D3-BF4B-00C04F79EFBC}") = "MVCPresentationLayer", "MVCPresentationLayer\MVCPresentationLayer.csproj", "{6EF904E9-7724-4B03-A834-CDD78ED1AC0A}"
EndProject
Global
	GlobalSection(SolutionConfigurationPlatforms) = preSolution
		Debug|Any CPU = Debug|Any CPU
		Release|Any CPU = Release|Any CPU
	EndGlobalSection
	GlobalSection(ProjectConfigurationPlatforms) = postSolution
		{C9C37C45-7A45-4F51-BA8F-D40E2E832BAE}.Debug|Any CPU.ActiveCfg = Debug|Any CPU
		{C9C37C45-7A45-4F51-BA8F-D40E2E832BAE}.Debug|Any CPU.Build.0 = Debug|Any CPU
		{C9C37C45-7A45-4F51-BA8F-D40E2E832BAE}.Release|Any CPU.ActiveCfg = Release|Any CPU
		{C9C37C45-7A45-4F51-BA8F-D40E2E832BAE}.Release|Any CPU.Build.0 = Release|Any CPU
		{2F7AAECC-9067-45C3-990F-4E9F5AF0CE10}.Debug|Any CPU.ActiveCfg = Debug|Any CPU
		{2F7AAECC-9067-45C3-990F-4E9F5AF0CE10}.Debug|Any CPU.Build.0 = Debug|Any CPU
		{2F7AAECC-9067-45C3-990F-4E9F5AF0CE10}.Release|Any CPU.ActiveCfg = Release|Any CPU
		{2F7AAECC-9067-45C3-990F-4E9F5AF0CE10}.Release|Any CPU.Build.0 = Release|Any CPU
		{A458CAD3-EC3F-4C2D-B1F9-55AD063AD550}.Debug|Any CPU.ActiveCfg = Debug|Any CPU
		{A458CAD3-EC3F-4C2D-B1F9-55AD063AD550}.Debug|Any CPU.Build.0 = Debug|Any CPU
		{A458CAD3-EC3F-4C2D-B1F9-55AD063AD550}.Release|Any CPU.ActiveCfg = Release|Any CPU
		{A458CAD3-EC3F-4C2D-B1F9-55AD063AD550}.Release|Any CPU.Build.0 = Release|Any CPU
		{FF06CEB8-2341-4523-A000-B367E199DBC7}.Debug|Any CPU.ActiveCfg = Debug|Any CPU
		{FF06CEB8-2341-4523-A000-B367E199DBC7}.Debug|Any CPU.Build.0 = Debug|Any CPU
		{FF06CEB8-2341-4523-A000-B367E199DBC7}.Release|Any CPU.ActiveCfg = Release|Any CPU
		{FF06CEB8-2341-4523-A000-B367E199DBC7}.Release|Any CPU.Build.0 = Release|Any CPU
		{6EF904E9-7724-4B03-A834-CDD78ED1AC0A}.Debug|Any CPU.ActiveCfg = Debug|Any CPU
		{6EF904E9-7724-4B03-A834-CDD78ED1AC0A}.Debug|Any CPU.Build.0 = Debug|Any CPU
		{6EF904E9-7724-4B03-A834-CDD78ED1AC0A}.Release|Any CPU.ActiveCfg = Release|Any CPU
		{6EF904E9-7724-4B03-A834-CDD78ED1AC0A}.Release|Any CPU.Build.0 = Release|Any CPU
	EndGlobalSection
	GlobalSection(SolutionProperties) = preSolution
		HideSolutionNode = FALSE
	EndGlobalSection
	GlobalSection(ExtensibilityGlobals) = postSolution
		SolutionGuid = {7E381BDF-5BDC-46BF-8610-1C37147927B0}
	EndGlobalSection
EndGlobal
